
Microsoft Visual Studio Solution File, Format Version 12.00
# Visual Studio Version 17
VisualStudioVersion = 17.1.32228.430
MinimumVisualStudioVersion = 10.0.40219.1
Project("{FAE04EC0-301F-11D3-BF4B-00C04F79EFBC}") = "C968 Task 1", "C968 Task 1\C968 Task 1.csproj", "{EF8B397F-2CD2-4B5D-9AF0-FE075553CBC3}"
EndProject
Global
	GlobalSection(SolutionConfigurationPlatforms) = preSolution
		Debug|Any CPU = Debug|Any CPU
		Release|Any CPU = Release|Any CPU
	EndGlobalSection
	GlobalSection(ProjectConfigurationPlatforms) = postSolution
		{EF8B397F-2CD2-4B5D-9AF0-FE075553CBC3}.Debug|Any CPU.ActiveCfg = Debug|Any CPU
		{EF8B397F-2CD2-4B5D-9AF0-FE075553CBC3}.Debug|Any CPU.Build.0 = Debug|Any CPU
		{EF8B397F-2CD2-4B5D-9AF0-FE075553CBC3}.Release|Any CPU.ActiveCfg = Release|Any CPU
		{EF8B397F-2CD2-4B5D-9AF0-FE075553CBC3}.Release|Any CPU.Build.0 = Release|Any CPU
	EndGlobalSection
	GlobalSection(SolutionProperties) = preSolution
		HideSolutionNode = FALSE
	EndGlobalSection
	GlobalSection(ExtensibilityGlobals) = postSolution
		SolutionGuid = {61D875D0-C455-4561-9F31-C9A4CF682AC3}
	EndGlobalSection
EndGlobal
